
Microsoft Visual Studio Solution File, Format Version 12.00
# Visual Studio Version 17
VisualStudioVersion = 17.4.33205.214
MinimumVisualStudioVersion = 10.0.40219.1
Project("{FAE04EC0-301F-11D3-BF4B-00C04F79EFBC}") = "powerplant.API", "powerplant.API\powerplant.API.csproj", "{3CACEA37-1DBD-447F-8B7E-1D8E9275EF6A}"
EndProject
Global
	GlobalSection(SolutionConfigurationPlatforms) = preSolution
		Debug|Any CPU = Debug|Any CPU
		Release|Any CPU = Release|Any CPU
	EndGlobalSection
	GlobalSection(ProjectConfigurationPlatforms) = postSolution
		{3CACEA37-1DBD-447F-8B7E-1D8E9275EF6A}.Debug|Any CPU.ActiveCfg = Debug|Any CPU
		{3CACEA37-1DBD-447F-8B7E-1D8E9275EF6A}.Debug|Any CPU.Build.0 = Debug|Any CPU
		{3CACEA37-1DBD-447F-8B7E-1D8E9275EF6A}.Release|Any CPU.ActiveCfg = Release|Any CPU
		{3CACEA37-1DBD-447F-8B7E-1D8E9275EF6A}.Release|Any CPU.Build.0 = Release|Any CPU
	EndGlobalSection
	GlobalSection(SolutionProperties) = preSolution
		HideSolutionNode = FALSE
	EndGlobalSection
	GlobalSection(ExtensibilityGlobals) = postSolution
		SolutionGuid = {92FC92C5-BF92-4E40-B4A7-681043574E95}
	EndGlobalSection
EndGlobal
